
Microsoft Visual Studio Solution File, Format Version 12.00
# Visual Studio Version 17
VisualStudioVersion = 17.0.32014.148
MinimumVisualStudioVersion = 10.0.40219.1
Project("{9A19103F-16F7-4668-BE54-9A1E7A4F7556}") = "StrategyTrigger", "StrategyTrigger.csproj", "{65EEDE51-9119-43D6-B5B1-4A2CA0CC4B07}"
EndProject
Project("{FAE04EC0-301F-11D3-BF4B-00C04F79EFBC}") = "SmartTrigger", "..\SmartTrigger\SmartTrigger.csproj", "{8EA21B6C-84C9-4E41-A035-16464ACAB416}"
EndProject
Project("{FAE04EC0-301F-11D3-BF4B-00C04F79EFBC}") = "SmartTrigger.Test", "..\SmartTrigger.Test\SmartTrigger.Test.csproj", "{8F3035FD-A37E-4DD9-A13A-9ED886E13EDD}"
EndProject
Global
	GlobalSection(SolutionConfigurationPlatforms) = preSolution
		Debug|Any CPU = Debug|Any CPU
		Release|Any CPU = Release|Any CPU
	EndGlobalSection
	GlobalSection(ProjectConfigurationPlatforms) = postSolution
		{65EEDE51-9119-43D6-B5B1-4A2CA0CC4B07}.Debug|Any CPU.ActiveCfg = Debug|Any CPU
		{65EEDE51-9119-43D6-B5B1-4A2CA0CC4B07}.Debug|Any CPU.Build.0 = Debug|Any CPU
		{65EEDE51-9119-43D6-B5B1-4A2CA0CC4B07}.Release|Any CPU.ActiveCfg = Release|Any CPU
		{65EEDE51-9119-43D6-B5B1-4A2CA0CC4B07}.Release|Any CPU.Build.0 = Release|Any CPU
		{8EA21B6C-84C9-4E41-A035-16464ACAB416}.Debug|Any CPU.ActiveCfg = Debug|Any CPU
		{8EA21B6C-84C9-4E41-A035-16464ACAB416}.Debug|Any CPU.Build.0 = Debug|Any CPU
		{8EA21B6C-84C9-4E41-A035-16464ACAB416}.Release|Any CPU.ActiveCfg = Release|Any CPU
		{8EA21B6C-84C9-4E41-A035-16464ACAB416}.Release|Any CPU.Build.0 = Release|Any CPU
		{8F3035FD-A37E-4DD9-A13A-9ED886E13EDD}.Debug|Any CPU.ActiveCfg = Debug|Any CPU
		{8F3035FD-A37E-4DD9-A13A-9ED886E13EDD}.Debug|Any CPU.Build.0 = Debug|Any CPU
		{8F3035FD-A37E-4DD9-A13A-9ED886E13EDD}.Release|Any CPU.ActiveCfg = Release|Any CPU
		{8F3035FD-A37E-4DD9-A13A-9ED886E13EDD}.Release|Any CPU.Build.0 = Release|Any CPU
	EndGlobalSection
	GlobalSection(SolutionProperties) = preSolution
		HideSolutionNode = FALSE
	EndGlobalSection
	GlobalSection(ExtensibilityGlobals) = postSolution
		SolutionGuid = {6374D1BC-C6F6-4033-AB0E-709729EAB22F}
	EndGlobalSection
EndGlobal
